
Microsoft Visual Studio Solution File, Format Version 12.00
# Visual Studio 15
VisualStudioVersion = 15.0.33026.149
MinimumVisualStudioVersion = 10.0.40219.1
Project("{FAE04EC0-301F-11D3-BF4B-00C04F79EFBC}") = "SeverSideDatatable", "SeverSideDatatable\SeverSideDatatable.csproj", "{B48327DE-10A5-40F2-8120-F913948844B7}"
EndProject
Global
	GlobalSection(SolutionConfigurationPlatforms) = preSolution
		Debug|Any CPU = Debug|Any CPU
		Release|Any CPU = Release|Any CPU
	EndGlobalSection
	GlobalSection(ProjectConfigurationPlatforms) = postSolution
		{B48327DE-10A5-40F2-8120-F913948844B7}.Debug|Any CPU.ActiveCfg = Debug|Any CPU
		{B48327DE-10A5-40F2-8120-F913948844B7}.Debug|Any CPU.Build.0 = Debug|Any CPU
		{B48327DE-10A5-40F2-8120-F913948844B7}.Release|Any CPU.ActiveCfg = Release|Any CPU
		{B48327DE-10A5-40F2-8120-F913948844B7}.Release|Any CPU.Build.0 = Release|Any CPU
	EndGlobalSection
	GlobalSection(SolutionProperties) = preSolution
		HideSolutionNode = FALSE
	EndGlobalSection
	GlobalSection(ExtensibilityGlobals) = postSolution
		SolutionGuid = {5CDA9C85-898A-4D66-BAF3-3D1AA15C0764}
	EndGlobalSection
EndGlobal
